
Microsoft Visual Studio Solution File, Format Version 12.00
# Visual Studio Version 17
VisualStudioVersion = 17.5.002.0
MinimumVisualStudioVersion = 10.0.40219.1
Project("{9A19103F-16F7-4668-BE54-9A1E7A4F7556}") = "Lab_2", "Lab_2.csproj", "{21F63858-BA0E-4404-AB9F-A15EE881C1A7}"
EndProject
Global
	GlobalSection(SolutionConfigurationPlatforms) = preSolution
		Debug|Any CPU = Debug|Any CPU
		Release|Any CPU = Release|Any CPU
	EndGlobalSection
	GlobalSection(ProjectConfigurationPlatforms) = postSolution
		{21F63858-BA0E-4404-AB9F-A15EE881C1A7}.Debug|Any CPU.ActiveCfg = Debug|Any CPU
		{21F63858-BA0E-4404-AB9F-A15EE881C1A7}.Debug|Any CPU.Build.0 = Debug|Any CPU
		{21F63858-BA0E-4404-AB9F-A15EE881C1A7}.Release|Any CPU.ActiveCfg = Release|Any CPU
		{21F63858-BA0E-4404-AB9F-A15EE881C1A7}.Release|Any CPU.Build.0 = Release|Any CPU
	EndGlobalSection
	GlobalSection(SolutionProperties) = preSolution
		HideSolutionNode = FALSE
	EndGlobalSection
	GlobalSection(ExtensibilityGlobals) = postSolution
		SolutionGuid = {1F44899A-B10A-4763-A827-F57BAC0B5C68}
	EndGlobalSection
EndGlobal
